
Microsoft Visual Studio Solution File, Format Version 12.00
# Visual Studio Version 16
VisualStudioVersion = 16.0.32228.343
MinimumVisualStudioVersion = 10.0.40219.1
Project("{2150E333-8FDC-42A3-9474-1A3956D46DE8}") = "Chapter02", "Chapter02", "{01327967-219C-4882-84A5-0B6830523960}"
EndProject
Project("{FAE04EC0-301F-11D3-BF4B-00C04F79EFBC}") = "DistanceConverter", "Chapter02\DistanceConverter\DistanceConverter.csproj", "{BDC9D4F6-7EE8-497F-9D0C-F1419D998D20}"
EndProject
Project("{FAE04EC0-301F-11D3-BF4B-00C04F79EFBC}") = "SalesCalcurator", "Chapter02\SalesCalcurator\SalesCalcurator.csproj", "{D49716BE-649A-4251-82F0-2FF9F886DA7A}"
EndProject
Project("{FAE04EC0-301F-11D3-BF4B-00C04F79EFBC}") = "Exercise", "Chapter02\Exercise\Exercise.csproj", "{6E465F8C-AE0B-499C-BC07-4BC9DF0E8B17}"
EndProject
Project("{FAE04EC0-301F-11D3-BF4B-00C04F79EFBC}") = "Exercise2", "Chapter02\Exercise2\Exercise2.csproj", "{7923A0DD-614C-476A-A398-661C46FDD24B}"
EndProject
Project("{FAE04EC0-301F-11D3-BF4B-00C04F79EFBC}") = "Exercise3", "Chapter02\Exercise3\Exercise3.csproj", "{D9C6D426-3196-49A1-860D-1CC1E0BEF1C2}"
EndProject
Project("{2150E333-8FDC-42A3-9474-1A3956D46DE8}") = "Chapter03", "Chapter03", "{303B6670-69C6-4941-9241-8D9E20D55F1B}"
EndProject
Project("{FAE04EC0-301F-11D3-BF4B-00C04F79EFBC}") = "Section01", "Chapter03\Section01\Section01.csproj", "{447250CA-C13B-4064-8429-3D372695819D}"
EndProject
Project("{FAE04EC0-301F-11D3-BF4B-00C04F79EFBC}") = "Exercise01", "Chapter03\Exercise01\Exercise01.csproj", "{B2A2DF2E-1BDD-4A1C-A37B-47B11A19FA9C}"
EndProject
Project("{FAE04EC0-301F-11D3-BF4B-00C04F79EFBC}") = "Section04", "Chapter03\Section04\Section04.csproj", "{5C94D64B-FD16-4D2D-91EA-CF78136E7497}"
EndProject
Project("{FAE04EC0-301F-11D3-BF4B-00C04F79EFBC}") = "Exercise02", "Chapter03\Exercise02\Exercise02.csproj", "{69414280-1A28-4916-B4AA-256D3A480EAD}"
EndProject
Project("{2150E333-8FDC-42A3-9474-1A3956D46DE8}") = "Chapter04", "Chapter04", "{261D7F57-9BE2-4D95-8180-80251166537E}"
EndProject
Project("{FAE04EC0-301F-11D3-BF4B-00C04F79EFBC}") = "Exercise01", "Chapter04\Exercise01\Exercise01.csproj", "{68C278B0-B3AA-43D1-ABBA-17486F627724}"
EndProject
Project("{FAE04EC0-301F-11D3-BF4B-00C04F79EFBC}") = "Exercise02", "Chapter04\Exercise02\Exercise02.csproj", "{8852A3A4-1C58-4404-9F45-CFECF042C04C}"
EndProject
Project("{2150E333-8FDC-42A3-9474-1A3956D46DE8}") = "Chapter05", "Chapter05", "{59D0B5D5-3ACF-443A-9A09-CA85737A0C4B}"
EndProject
Project("{FAE04EC0-301F-11D3-BF4B-00C04F79EFBC}") = "Exercise01", "Chapter05\Exercise01\Exercise01.csproj", "{1CE1016F-0DCB-449C-A298-D5913378081E}"
EndProject
Project("{FAE04EC0-301F-11D3-BF4B-00C04F79EFBC}") = "Exercise02", "Chapter05\Exercise02\Exercise02.csproj", "{3385931C-8124-4B73-B7CE-A95C66C97BA1}"
EndProject
Project("{FAE04EC0-301F-11D3-BF4B-00C04F79EFBC}") = "Exercise03", "Chapter05\Exercise03\Exercise03.csproj", "{8371AD6F-B8F0-4352-A532-B225C61DC216}"
EndProject
Project("{FAE04EC0-301F-11D3-BF4B-00C04F79EFBC}") = "Exercise04", "Chapter05\Exercise04\Exercise04.csproj", "{7770A4F3-29CC-4766-8EFD-D1AF064711B8}"
EndProject
Project("{2150E333-8FDC-42A3-9474-1A3956D46DE8}") = "Chapter06", "Chapter06", "{3B710B0C-898E-4984-8BFC-486096E958B5}"
EndProject
Project("{FAE04EC0-301F-11D3-BF4B-00C04F79EFBC}") = "Exercise01", "Chapter06\Exercise01\Exercise01.csproj", "{38E53710-D833-491B-B386-5340AF778FFA}"
EndProject
Project("{FAE04EC0-301F-11D3-BF4B-00C04F79EFBC}") = "Exercise02", "Chapter06\Exercise02\Exercise02.csproj", "{D01549CF-FAA5-4BDC-9369-3A0E5B890F2F}"
EndProject
Project("{2150E333-8FDC-42A3-9474-1A3956D46DE8}") = "FormAppSample", "FormAppSample", "{733692AC-E2EF-4498-824F-DC044839CE0B}"
EndProject
Project("{FAE04EC0-301F-11D3-BF4B-00C04F79EFBC}") = "Sample0603", "FormAppSample\Sample0603\Sample0603.csproj", "{05ADA1A5-6A3D-422A-AB9E-CAC7EBBDF8EA}"
EndProject
Project("{FAE04EC0-301F-11D3-BF4B-00C04F79EFBC}") = "Sample0607", "FormAppSample\Sample0607\Sample0607.csproj", "{F51BF831-541E-4D4D-9695-1F62C7704D65}"
EndProject
Project("{FAE04EC0-301F-11D3-BF4B-00C04F79EFBC}") = "NumberGame", "FormAppSample\NumberGame\NumberGame.csproj", "{961CEEAD-13AF-4714-B109-57EF8B2D5AEB}"
EndProject
Project("{FAE04EC0-301F-11D3-BF4B-00C04F79EFBC}") = "AddressBook", "FormAppSample\AddressBook\AddressBook.csproj", "{487729F0-9AB8-48A6-83F7-0FA204BD8DCB}"
EndProject
Project("{2150E333-8FDC-42A3-9474-1A3956D46DE8}") = "Test202206", "Test202206", "{32D2BEA0-6E60-4265-AF86-11AEBE3B1BDD}"
EndProject
Project("{FAE04EC0-301F-11D3-BF4B-00C04F79EFBC}") = "Test01", "Test202206\TestProject\Test01\Test01.csproj", "{2BFACDC3-F44D-4199-8498-F5C3C4AC0335}"
EndProject
Project("{FAE04EC0-301F-11D3-BF4B-00C04F79EFBC}") = "Test02", "Test202206\TestProject\Test02\Test02.csproj", "{E461C0A8-8900-485C-B520-E929BA33F712}"
EndProject
Project("{2150E333-8FDC-42A3-9474-1A3956D46DE8}") = "Chapter11", "Chapter11", "{39A594AE-AA5A-447A-8530-FAEE2A5AACBD}"
EndProject
Project("{FAE04EC0-301F-11D3-BF4B-00C04F79EFBC}") = "XmlSample", "Chapter11\XmlSample\XmlSample.csproj", "{2ED09FEF-CA75-4E6F-8C80-F4EFBB7AE165}"
EndProject
Project("{FAE04EC0-301F-11D3-BF4B-00C04F79EFBC}") = "RSSReader", "Chapter11\RssReader\RSSReader.csproj", "{2E96086E-453E-45DE-B0DF-F6BBA82873C7}"
EndProject
Project("{FAE04EC0-301F-11D3-BF4B-00C04F79EFBC}") = "Exercise1", "Chapter11\Exercise1\Exercise1.csproj", "{5AA3167B-74F4-412D-9F63-4BDA6E58F900}"
EndProject
Project("{2150E333-8FDC-42A3-9474-1A3956D46DE8}") = "Chapter12", "Chapter12", "{321F4554-E0F8-4780-B4AC-19BA20B7D282}"
EndProject
Project("{FAE04EC0-301F-11D3-BF4B-00C04F79EFBC}") = "Section01", "Chapter12\Section01\Section01.csproj", "{0674B70E-B69E-4F68-9559-6E3FD3C45D7B}"
EndProject
Project("{FAE04EC0-301F-11D3-BF4B-00C04F79EFBC}") = "Section02", "Chapter12\Section02\Section02.csproj", "{5DE9F7E3-85CD-41BD-BA95-50419D65B59A}"
EndProject
Project("{FAE04EC0-301F-11D3-BF4B-00C04F79EFBC}") = "Exercise01", "Chapter12\Exercise01\Exercise01.csproj", "{B201BB15-9420-46B7-AC7F-3CE62CB133D9}"
EndProject
Project("{FAE04EC0-301F-11D3-BF4B-00C04F79EFBC}") = "Exercise02", "Chapter12\Exercise02\Exercise02.csproj", "{544B1A3F-546D-4D93-84E6-227FCF4F725B}"
EndProject
Project("{2150E333-8FDC-42A3-9474-1A3956D46DE8}") = "CarReportSystem", "CarReportSystem", "{5C76AC9B-AB55-4689-988F-027D39C831F1}"
	ProjectSection(SolutionItems) = preProject
		\\172.16.45.1\学生共有\#infosys2022\オブジェクト指向プログラミング\CarReportSystem\CarReport.cs = \\172.16.45.1\学生共有\#infosys2022\オブジェクト指向プログラミング\CarReportSystem\CarReport.cs
	EndProjectSection
EndProject
Project("{FAE04EC0-301F-11D3-BF4B-00C04F79EFBC}") = "CarReportSystem", "CarReportSystem\CarReportSystem\CarReportSystem.csproj", "{C3A13238-53D2-48C7-BFC2-8FA4555DB821}"
EndProject
Project("{2150E333-8FDC-42A3-9474-1A3956D46DE8}") = "DesignPattern", "DesignPattern", "{87EFDA26-F35C-4DBC-9374-D4C935D25230}"
EndProject
Project("{FAE04EC0-301F-11D3-BF4B-00C04F79EFBC}") = "SingletonSample", "DesignPattern\SingletonSample\SingletonSample.csproj", "{889DB3BC-ECDE-4DBD-A615-D19684922B17}"
EndProject
Project("{2150E333-8FDC-42A3-9474-1A3956D46DE8}") = "Chapter17", "Chapter17", "{CFBC05E2-567D-4AAC-84F7-807B8930B477}"
EndProject
Project("{FAE04EC0-301F-11D3-BF4B-00C04F79EFBC}") = "Section01", "Chapter17\Section01\Section01.csproj", "{53624555-98C9-4182-9714-7E23C9A47681}"
EndProject
Project("{2150E333-8FDC-42A3-9474-1A3956D46DE8}") = "TemplateMethod", "TemplateMethod", "{6BD4FE9B-5E21-4ADD-A82F-67650731BCD4}"
EndProject
Project("{FAE04EC0-301F-11D3-BF4B-00C04F79EFBC}") = "TextFileProcessor", "Chapter17\TemplateMethod\TextFileProcessor\TextFileProcessor.csproj", "{6728B475-D450-41FB-AF20-AA81DC14A5C4}"
EndProject
Project("{FAE04EC0-301F-11D3-BF4B-00C04F79EFBC}") = "LineCounter", "Chapter17\TemplateMethod\LineCounter\LineCounter.csproj", "{13F10770-B68F-42DC-8F5E-84A3096A56AF}"
EndProject
Project("{FAE04EC0-301F-11D3-BF4B-00C04F79EFBC}") = "Exercise1", "Chapter17\Exercise1\Exercise1.csproj", "{D6ACB9A5-D03E-4091-B5FC-622EF69C2499}"
EndProject
Project("{2150E333-8FDC-42A3-9474-1A3956D46DE8}") = "Strategy", "Strategy", "{CB2A40DC-CCFA-4519-A8C7-130A1D4D7D8A}"
EndProject
Project("{FAE04EC0-301F-11D3-BF4B-00C04F79EFBC}") = "DistanceConverter", "Chapter17\Strategy\DistanceConverter\DistanceConverter.csproj", "{5A0B5B29-1E5D-437B-8E67-DED8B5E7A467}"
EndProject
Project("{2150E333-8FDC-42A3-9474-1A3956D46DE8}") = "ADONET", "ADONET", "{03A2A6FA-5D59-4717-BF2A-C4DD9C216837}"
EndProject
Project("{FAE04EC0-301F-11D3-BF4B-00C04F79EFBC}") = "DataBaseSample", "ADONET\DataBaseSample\DataBaseSample.csproj", "{C99D2B97-E59B-40C9-A078-6786066CE00E}"
EndProject
Project("{FAE04EC0-301F-11D3-BF4B-00C04F79EFBC}") = "AddressBook", "ADONET\AddressBook\AddressBook.csproj", "{97A07872-28BF-4698-8CE8-9E69C80B9ADE}"
EndProject
Project("{2150E333-8FDC-42A3-9474-1A3956D46DE8}") = "Chapter13", "Chapter13", "{F873EB20-53B5-4A1A-8161-3BBEA6571682}"
EndProject
Project("{FAE04EC0-301F-11D3-BF4B-00C04F79EFBC}") = "SampleEntityFramework", "Chapter13\SampleEntityFramework\SampleEntityFramework.csproj", "{39E331EF-6CAF-44A1-9478-1CB21088A0CD}"
EndProject
Project("{2150E333-8FDC-42A3-9474-1A3956D46DE8}") = "Chapter15", "Chapter15", "{61F55ABF-6182-4CB3-8014-A8B60887EC68}"
EndProject
Project("{FAE04EC0-301F-11D3-BF4B-00C04F79EFBC}") = "Chapter15", "Chapter15\Chapter15\Chapter15.csproj", "{EEBECA2F-CE3A-44E6-9779-54685054821A}"
EndProject
Project("{FAE04EC0-301F-11D3-BF4B-00C04F79EFBC}") = "Exercise1", "Chapter15\Exercise1\Exercise1.csproj", "{820CFBAC-1FC8-4FDC-AAEC-AAFE4E33B97A}"
EndProject
Global
	GlobalSection(SolutionConfigurationPlatforms) = preSolution
		Debug|Any CPU = Debug|Any CPU
		Release|Any CPU = Release|Any CPU
	EndGlobalSection
	GlobalSection(ProjectConfigurationPlatforms) = postSolution
		{BDC9D4F6-7EE8-497F-9D0C-F1419D998D20}.Debug|Any CPU.ActiveCfg = Debug|Any CPU
		{BDC9D4F6-7EE8-497F-9D0C-F1419D998D20}.Debug|Any CPU.Build.0 = Debug|Any CPU
		{BDC9D4F6-7EE8-497F-9D0C-F1419D998D20}.Release|Any CPU.ActiveCfg = Release|Any CPU
		{BDC9D4F6-7EE8-497F-9D0C-F1419D998D20}.Release|Any CPU.Build.0 = Release|Any CPU
		{D49716BE-649A-4251-82F0-2FF9F886DA7A}.Debug|Any CPU.ActiveCfg = Debug|Any CPU
		{D49716BE-649A-4251-82F0-2FF9F886DA7A}.Debug|Any CPU.Build.0 = Debug|Any CPU
		{D49716BE-649A-4251-82F0-2FF9F886DA7A}.Release|Any CPU.ActiveCfg = Release|Any CPU
		{D49716BE-649A-4251-82F0-2FF9F886DA7A}.Release|Any CPU.Build.0 = Release|Any CPU
		{6E465F8C-AE0B-499C-BC07-4BC9DF0E8B17}.Debug|Any CPU.ActiveCfg = Debug|Any CPU
		{6E465F8C-AE0B-499C-BC07-4BC9DF0E8B17}.Debug|Any CPU.Build.0 = Debug|Any CPU
		{6E465F8C-AE0B-499C-BC07-4BC9DF0E8B17}.Release|Any CPU.ActiveCfg = Release|Any CPU
		{6E465F8C-AE0B-499C-BC07-4BC9DF0E8B17}.Release|Any CPU.Build.0 = Release|Any CPU
		{7923A0DD-614C-476A-A398-661C46FDD24B}.Debug|Any CPU.ActiveCfg = Debug|Any CPU
		{7923A0DD-614C-476A-A398-661C46FDD24B}.Debug|Any CPU.Build.0 = Debug|Any CPU
		{7923A0DD-614C-476A-A398-661C46FDD24B}.Release|Any CPU.ActiveCfg = Release|Any CPU
		{7923A0DD-614C-476A-A398-661C46FDD24B}.Release|Any CPU.Build.0 = Release|Any CPU
		{D9C6D426-3196-49A1-860D-1CC1E0BEF1C2}.Debug|Any CPU.ActiveCfg = Debug|Any CPU
		{D9C6D426-3196-49A1-860D-1CC1E0BEF1C2}.Debug|Any CPU.Build.0 = Debug|Any CPU
		{D9C6D426-3196-49A1-860D-1CC1E0BEF1C2}.Release|Any CPU.ActiveCfg = Release|Any CPU
		{D9C6D426-3196-49A1-860D-1CC1E0BEF1C2}.Release|Any CPU.Build.0 = Release|Any CPU
		{447250CA-C13B-4064-8429-3D372695819D}.Debug|Any CPU.ActiveCfg = Debug|Any CPU
		{447250CA-C13B-4064-8429-3D372695819D}.Debug|Any CPU.Build.0 = Debug|Any CPU
		{447250CA-C13B-4064-8429-3D372695819D}.Release|Any CPU.ActiveCfg = Release|Any CPU
		{447250CA-C13B-4064-8429-3D372695819D}.Release|Any CPU.Build.0 = Release|Any CPU
		{B2A2DF2E-1BDD-4A1C-A37B-47B11A19FA9C}.Debug|Any CPU.ActiveCfg = Debug|Any CPU
		{B2A2DF2E-1BDD-4A1C-A37B-47B11A19FA9C}.Debug|Any CPU.Build.0 = Debug|Any CPU
		{B2A2DF2E-1BDD-4A1C-A37B-47B11A19FA9C}.Release|Any CPU.ActiveCfg = Release|Any CPU
		{B2A2DF2E-1BDD-4A1C-A37B-47B11A19FA9C}.Release|Any CPU.Build.0 = Release|Any CPU
		{5C94D64B-FD16-4D2D-91EA-CF78136E7497}.Debug|Any CPU.ActiveCfg = Debug|Any CPU
		{5C94D64B-FD16-4D2D-91EA-CF78136E7497}.Debug|Any CPU.Build.0 = Debug|Any CPU
		{5C94D64B-FD16-4D2D-91EA-CF78136E7497}.Release|Any CPU.ActiveCfg = Release|Any CPU
		{5C94D64B-FD16-4D2D-91EA-CF78136E7497}.Release|Any CPU.Build.0 = Release|Any CPU
		{69414280-1A28-4916-B4AA-256D3A480EAD}.Debug|Any CPU.ActiveCfg = Debug|Any CPU
		{69414280-1A28-4916-B4AA-256D3A480EAD}.Debug|Any CPU.Build.0 = Debug|Any CPU
		{69414280-1A28-4916-B4AA-256D3A480EAD}.Release|Any CPU.ActiveCfg = Release|Any CPU
		{69414280-1A28-4916-B4AA-256D3A480EAD}.Release|Any CPU.Build.0 = Release|Any CPU
		{68C278B0-B3AA-43D1-ABBA-17486F627724}.Debug|Any CPU.ActiveCfg = Debug|Any CPU
		{68C278B0-B3AA-43D1-ABBA-17486F627724}.Debug|Any CPU.Build.0 = Debug|Any CPU
		{68C278B0-B3AA-43D1-ABBA-17486F627724}.Release|Any CPU.ActiveCfg = Release|Any CPU
		{68C278B0-B3AA-43D1-ABBA-17486F627724}.Release|Any CPU.Build.0 = Release|Any CPU
		{8852A3A4-1C58-4404-9F45-CFECF042C04C}.Debug|Any CPU.ActiveCfg = Debug|Any CPU
		{8852A3A4-1C58-4404-9F45-CFECF042C04C}.Debug|Any CPU.Build.0 = Debug|Any CPU
		{8852A3A4-1C58-4404-9F45-CFECF042C04C}.Release|Any CPU.ActiveCfg = Release|Any CPU
		{8852A3A4-1C58-4404-9F45-CFECF042C04C}.Release|Any CPU.Build.0 = Release|Any CPU
		{1CE1016F-0DCB-449C-A298-D5913378081E}.Debug|Any CPU.ActiveCfg = Debug|Any CPU
		{1CE1016F-0DCB-449C-A298-D5913378081E}.Debug|Any CPU.Build.0 = Debug|Any CPU
		{1CE1016F-0DCB-449C-A298-D5913378081E}.Release|Any CPU.ActiveCfg = Release|Any CPU
		{1CE1016F-0DCB-449C-A298-D5913378081E}.Release|Any CPU.Build.0 = Release|Any CPU
		{3385931C-8124-4B73-B7CE-A95C66C97BA1}.Debug|Any CPU.ActiveCfg = Debug|Any CPU
		{3385931C-8124-4B73-B7CE-A95C66C97BA1}.Debug|Any CPU.Build.0 = Debug|Any CPU
		{3385931C-8124-4B73-B7CE-A95C66C97BA1}.Release|Any CPU.ActiveCfg = Release|Any CPU
		{3385931C-8124-4B73-B7CE-A95C66C97BA1}.Release|Any CPU.Build.0 = Release|Any CPU
		{8371AD6F-B8F0-4352-A532-B225C61DC216}.Debug|Any CPU.ActiveCfg = Debug|Any CPU
		{8371AD6F-B8F0-4352-A532-B225C61DC216}.Debug|Any CPU.Build.0 = Debug|Any CPU
		{8371AD6F-B8F0-4352-A532-B225C61DC216}.Release|Any CPU.ActiveCfg = Release|Any CPU
		{8371AD6F-B8F0-4352-A532-B225C61DC216}.Release|Any CPU.Build.0 = Release|Any CPU
		{7770A4F3-29CC-4766-8EFD-D1AF064711B8}.Debug|Any CPU.ActiveCfg = Debug|Any CPU
		{7770A4F3-29CC-4766-8EFD-D1AF064711B8}.Debug|Any CPU.Build.0 = Debug|Any CPU
		{7770A4F3-29CC-4766-8EFD-D1AF064711B8}.Release|Any CPU.ActiveCfg = Release|Any CPU
		{7770A4F3-29CC-4766-8EFD-D1AF064711B8}.Release|Any CPU.Build.0 = Release|Any CPU
		{38E53710-D833-491B-B386-5340AF778FFA}.Debug|Any CPU.ActiveCfg = Debug|Any CPU
		{38E53710-D833-491B-B386-5340AF778FFA}.Debug|Any CPU.Build.0 = Debug|Any CPU
		{38E53710-D833-491B-B386-5340AF778FFA}.Release|Any CPU.ActiveCfg = Release|Any CPU
		{38E53710-D833-491B-B386-5340AF778FFA}.Release|Any CPU.Build.0 = Release|Any CPU
		{D01549CF-FAA5-4BDC-9369-3A0E5B890F2F}.Debug|Any CPU.ActiveCfg = Debug|Any CPU
		{D01549CF-FAA5-4BDC-9369-3A0E5B890F2F}.Debug|Any CPU.Build.0 = Debug|Any CPU
		{D01549CF-FAA5-4BDC-9369-3A0E5B890F2F}.Release|Any CPU.ActiveCfg = Release|Any CPU
		{D01549CF-FAA5-4BDC-9369-3A0E5B890F2F}.Release|Any CPU.Build.0 = Release|Any CPU
		{05ADA1A5-6A3D-422A-AB9E-CAC7EBBDF8EA}.Debug|Any CPU.ActiveCfg = Debug|Any CPU
		{05ADA1A5-6A3D-422A-AB9E-CAC7EBBDF8EA}.Debug|Any CPU.Build.0 = Debug|Any CPU
		{05ADA1A5-6A3D-422A-AB9E-CAC7EBBDF8EA}.Release|Any CPU.ActiveCfg = Release|Any CPU
		{05ADA1A5-6A3D-422A-AB9E-CAC7EBBDF8EA}.Release|Any CPU.Build.0 = Release|Any CPU
		{F51BF831-541E-4D4D-9695-1F62C7704D65}.Debug|Any CPU.ActiveCfg = Debug|Any CPU
		{F51BF831-541E-4D4D-9695-1F62C7704D65}.Debug|Any CPU.Build.0 = Debug|Any CPU
		{F51BF831-541E-4D4D-9695-1F62C7704D65}.Release|Any CPU.ActiveCfg = Release|Any CPU
		{F51BF831-541E-4D4D-9695-1F62C7704D65}.Release|Any CPU.Build.0 = Release|Any CPU
		{961CEEAD-13AF-4714-B109-57EF8B2D5AEB}.Debug|Any CPU.ActiveCfg = Debug|Any CPU
		{961CEEAD-13AF-4714-B109-57EF8B2D5AEB}.Debug|Any CPU.Build.0 = Debug|Any CPU
		{961CEEAD-13AF-4714-B109-57EF8B2D5AEB}.Release|Any CPU.ActiveCfg = Release|Any CPU
		{961CEEAD-13AF-4714-B109-57EF8B2D5AEB}.Release|Any CPU.Build.0 = Release|Any CPU
		{487729F0-9AB8-48A6-83F7-0FA204BD8DCB}.Debug|Any CPU.ActiveCfg = Debug|Any CPU
		{487729F0-9AB8-48A6-83F7-0FA204BD8DCB}.Debug|Any CPU.Build.0 = Debug|Any CPU
		{487729F0-9AB8-48A6-83F7-0FA204BD8DCB}.Release|Any CPU.ActiveCfg = Release|Any CPU
		{487729F0-9AB8-48A6-83F7-0FA204BD8DCB}.Release|Any CPU.Build.0 = Release|Any CPU
		{2BFACDC3-F44D-4199-8498-F5C3C4AC0335}.Debug|Any CPU.ActiveCfg = Debug|Any CPU
		{2BFACDC3-F44D-4199-8498-F5C3C4AC0335}.Debug|Any CPU.Build.0 = Debug|Any CPU
		{2BFACDC3-F44D-4199-8498-F5C3C4AC0335}.Release|Any CPU.ActiveCfg = Release|Any CPU
		{2BFACDC3-F44D-4199-8498-F5C3C4AC0335}.Release|Any CPU.Build.0 = Release|Any CPU
		{E461C0A8-8900-485C-B520-E929BA33F712}.Debug|Any CPU.ActiveCfg = Debug|Any CPU
		{E461C0A8-8900-485C-B520-E929BA33F712}.Debug|Any CPU.Build.0 = Debug|Any CPU
		{E461C0A8-8900-485C-B520-E929BA33F712}.Release|Any CPU.ActiveCfg = Release|Any CPU
		{E461C0A8-8900-485C-B520-E929BA33F712}.Release|Any CPU.Build.0 = Release|Any CPU
		{2ED09FEF-CA75-4E6F-8C80-F4EFBB7AE165}.Debug|Any CPU.ActiveCfg = Debug|Any CPU
		{2ED09FEF-CA75-4E6F-8C80-F4EFBB7AE165}.Debug|Any CPU.Build.0 = Debug|Any CPU
		{2ED09FEF-CA75-4E6F-8C80-F4EFBB7AE165}.Release|Any CPU.ActiveCfg = Release|Any CPU
		{2ED09FEF-CA75-4E6F-8C80-F4EFBB7AE165}.Release|Any CPU.Build.0 = Release|Any CPU
		{2E96086E-453E-45DE-B0DF-F6BBA82873C7}.Debug|Any CPU.ActiveCfg = Debug|Any CPU
		{2E96086E-453E-45DE-B0DF-F6BBA82873C7}.Debug|Any CPU.Build.0 = Debug|Any CPU
		{2E96086E-453E-45DE-B0DF-F6BBA82873C7}.Release|Any CPU.ActiveCfg = Release|Any CPU
		{2E96086E-453E-45DE-B0DF-F6BBA82873C7}.Release|Any CPU.Build.0 = Release|Any CPU
		{5AA3167B-74F4-412D-9F63-4BDA6E58F900}.Debug|Any CPU.ActiveCfg = Debug|Any CPU
		{5AA3167B-74F4-412D-9F63-4BDA6E58F900}.Debug|Any CPU.Build.0 = Debug|Any CPU
		{5AA3167B-74F4-412D-9F63-4BDA6E58F900}.Release|Any CPU.ActiveCfg = Release|Any CPU
		{5AA3167B-74F4-412D-9F63-4BDA6E58F900}.Release|Any CPU.Build.0 = Release|Any CPU
		{0674B70E-B69E-4F68-9559-6E3FD3C45D7B}.Debug|Any CPU.ActiveCfg = Debug|Any CPU
		{0674B70E-B69E-4F68-9559-6E3FD3C45D7B}.Debug|Any CPU.Build.0 = Debug|Any CPU
		{0674B70E-B69E-4F68-9559-6E3FD3C45D7B}.Release|Any CPU.ActiveCfg = Release|Any CPU
		{0674B70E-B69E-4F68-9559-6E3FD3C45D7B}.Release|Any CPU.Build.0 = Release|Any CPU
		{5DE9F7E3-85CD-41BD-BA95-50419D65B59A}.Debug|Any CPU.ActiveCfg = Debug|Any CPU
		{5DE9F7E3-85CD-41BD-BA95-50419D65B59A}.Debug|Any CPU.Build.0 = Debug|Any CPU
		{5DE9F7E3-85CD-41BD-BA95-50419D65B59A}.Release|Any CPU.ActiveCfg = Release|Any CPU
		{5DE9F7E3-85CD-41BD-BA95-50419D65B59A}.Release|Any CPU.Build.0 = Release|Any CPU
		{B201BB15-9420-46B7-AC7F-3CE62CB133D9}.Debug|Any CPU.ActiveCfg = Debug|Any CPU
		{B201BB15-9420-46B7-AC7F-3CE62CB133D9}.Debug|Any CPU.Build.0 = Debug|Any CPU
		{B201BB15-9420-46B7-AC7F-3CE62CB133D9}.Release|Any CPU.ActiveCfg = Release|Any CPU
		{B201BB15-9420-46B7-AC7F-3CE62CB133D9}.Release|Any CPU.Build.0 = Release|Any CPU
		{544B1A3F-546D-4D93-84E6-227FCF4F725B}.Debug|Any CPU.ActiveCfg = Debug|Any CPU
		{544B1A3F-546D-4D93-84E6-227FCF4F725B}.Debug|Any CPU.Build.0 = Debug|Any CPU
		{544B1A3F-546D-4D93-84E6-227FCF4F725B}.Release|Any CPU.ActiveCfg = Release|Any CPU
		{544B1A3F-546D-4D93-84E6-227FCF4F725B}.Release|Any CPU.Build.0 = Release|Any CPU
		{C3A13238-53D2-48C7-BFC2-8FA4555DB821}.Debug|Any CPU.ActiveCfg = Debug|Any CPU
		{C3A13238-53D2-48C7-BFC2-8FA4555DB821}.Debug|Any CPU.Build.0 = Debug|Any CPU
		{C3A13238-53D2-48C7-BFC2-8FA4555DB821}.Release|Any CPU.ActiveCfg = Release|Any CPU
		{C3A13238-53D2-48C7-BFC2-8FA4555DB821}.Release|Any CPU.Build.0 = Release|Any CPU
		{889DB3BC-ECDE-4DBD-A615-D19684922B17}.Debug|Any CPU.ActiveCfg = Debug|Any CPU
		{889DB3BC-ECDE-4DBD-A615-D19684922B17}.Debug|Any CPU.Build.0 = Debug|Any CPU
		{889DB3BC-ECDE-4DBD-A615-D19684922B17}.Release|Any CPU.ActiveCfg = Release|Any CPU
		{889DB3BC-ECDE-4DBD-A615-D19684922B17}.Release|Any CPU.Build.0 = Release|Any CPU
		{53624555-98C9-4182-9714-7E23C9A47681}.Debug|Any CPU.ActiveCfg = Debug|Any CPU
		{53624555-98C9-4182-9714-7E23C9A47681}.Debug|Any CPU.Build.0 = Debug|Any CPU
		{53624555-98C9-4182-9714-7E23C9A47681}.Release|Any CPU.ActiveCfg = Release|Any CPU
		{53624555-98C9-4182-9714-7E23C9A47681}.Release|Any CPU.Build.0 = Release|Any CPU
		{6728B475-D450-41FB-AF20-AA81DC14A5C4}.Debug|Any CPU.ActiveCfg = Debug|Any CPU
		{6728B475-D450-41FB-AF20-AA81DC14A5C4}.Debug|Any CPU.Build.0 = Debug|Any CPU
		{6728B475-D450-41FB-AF20-AA81DC14A5C4}.Release|Any CPU.ActiveCfg = Release|Any CPU
		{6728B475-D450-41FB-AF20-AA81DC14A5C4}.Release|Any CPU.Build.0 = Release|Any CPU
		{13F10770-B68F-42DC-8F5E-84A3096A56AF}.Debug|Any CPU.ActiveCfg = Debug|Any CPU
		{13F10770-B68F-42DC-8F5E-84A3096A56AF}.Debug|Any CPU.Build.0 = Debug|Any CPU
		{13F10770-B68F-42DC-8F5E-84A3096A56AF}.Release|Any CPU.ActiveCfg = Release|Any CPU
		{13F10770-B68F-42DC-8F5E-84A3096A56AF}.Release|Any CPU.Build.0 = Release|Any CPU
		{D6ACB9A5-D03E-4091-B5FC-622EF69C2499}.Debug|Any CPU.ActiveCfg = Debug|Any CPU
		{D6ACB9A5-D03E-4091-B5FC-622EF69C2499}.Debug|Any CPU.Build.0 = Debug|Any CPU
		{D6ACB9A5-D03E-4091-B5FC-622EF69C2499}.Release|Any CPU.ActiveCfg = Release|Any CPU
		{D6ACB9A5-D03E-4091-B5FC-622EF69C2499}.Release|Any CPU.Build.0 = Release|Any CPU
		{5A0B5B29-1E5D-437B-8E67-DED8B5E7A467}.Debug|Any CPU.ActiveCfg = Debug|Any CPU
		{5A0B5B29-1E5D-437B-8E67-DED8B5E7A467}.Debug|Any CPU.Build.0 = Debug|Any CPU
		{5A0B5B29-1E5D-437B-8E67-DED8B5E7A467}.Release|Any CPU.ActiveCfg = Release|Any CPU
		{5A0B5B29-1E5D-437B-8E67-DED8B5E7A467}.Release|Any CPU.Build.0 = Release|Any CPU
		{C99D2B97-E59B-40C9-A078-6786066CE00E}.Debug|Any CPU.ActiveCfg = Debug|Any CPU
		{C99D2B97-E59B-40C9-A078-6786066CE00E}.Debug|Any CPU.Build.0 = Debug|Any CPU
		{C99D2B97-E59B-40C9-A078-6786066CE00E}.Release|Any CPU.ActiveCfg = Release|Any CPU
		{C99D2B97-E59B-40C9-A078-6786066CE00E}.Release|Any CPU.Build.0 = Release|Any CPU
		{97A07872-28BF-4698-8CE8-9E69C80B9ADE}.Debug|Any CPU.ActiveCfg = Debug|Any CPU
		{97A07872-28BF-4698-8CE8-9E69C80B9ADE}.Debug|Any CPU.Build.0 = Debug|Any CPU
		{97A07872-28BF-4698-8CE8-9E69C80B9ADE}.Release|Any CPU.ActiveCfg = Release|Any CPU
		{97A07872-28BF-4698-8CE8-9E69C80B9ADE}.Release|Any CPU.Build.0 = Release|Any CPU
		{39E331EF-6CAF-44A1-9478-1CB21088A0CD}.Debug|Any CPU.ActiveCfg = Debug|Any CPU
		{39E331EF-6CAF-44A1-9478-1CB21088A0CD}.Debug|Any CPU.Build.0 = Debug|Any CPU
		{39E331EF-6CAF-44A1-9478-1CB21088A0CD}.Release|Any CPU.ActiveCfg = Release|Any CPU
		{39E331EF-6CAF-44A1-9478-1CB21088A0CD}.Release|Any CPU.Build.0 = Release|Any CPU
		{EEBECA2F-CE3A-44E6-9779-54685054821A}.Debug|Any CPU.ActiveCfg = Debug|Any CPU
		{EEBECA2F-CE3A-44E6-9779-54685054821A}.Debug|Any CPU.Build.0 = Debug|Any CPU
		{EEBECA2F-CE3A-44E6-9779-54685054821A}.Release|Any CPU.ActiveCfg = Release|Any CPU
		{EEBECA2F-CE3A-44E6-9779-54685054821A}.Release|Any CPU.Build.0 = Release|Any CPU
		{820CFBAC-1FC8-4FDC-AAEC-AAFE4E33B97A}.Debug|Any CPU.ActiveCfg = Debug|Any CPU
		{820CFBAC-1FC8-4FDC-AAEC-AAFE4E33B97A}.Debug|Any CPU.Build.0 = Debug|Any CPU
		{820CFBAC-1FC8-4FDC-AAEC-AAFE4E33B97A}.Release|Any CPU.ActiveCfg = Release|Any CPU
		{820CFBAC-1FC8-4FDC-AAEC-AAFE4E33B97A}.Release|Any CPU.Build.0 = Release|Any CPU
	EndGlobalSection
	GlobalSection(SolutionProperties) = preSolution
		HideSolutionNode = FALSE
	EndGlobalSection
	GlobalSection(NestedProjects) = preSolution
		{BDC9D4F6-7EE8-497F-9D0C-F1419D998D20} = {01327967-219C-4882-84A5-0B6830523960}
		{D49716BE-649A-4251-82F0-2FF9F886DA7A} = {01327967-219C-4882-84A5-0B6830523960}
		{6E465F8C-AE0B-499C-BC07-4BC9DF0E8B17} = {01327967-219C-4882-84A5-0B6830523960}
		{7923A0DD-614C-476A-A398-661C46FDD24B} = {01327967-219C-4882-84A5-0B6830523960}
		{D9C6D426-3196-49A1-860D-1CC1E0BEF1C2} = {01327967-219C-4882-84A5-0B6830523960}
		{447250CA-C13B-4064-8429-3D372695819D} = {303B6670-69C6-4941-9241-8D9E20D55F1B}
		{B2A2DF2E-1BDD-4A1C-A37B-47B11A19FA9C} = {303B6670-69C6-4941-9241-8D9E20D55F1B}
		{5C94D64B-FD16-4D2D-91EA-CF78136E7497} = {303B6670-69C6-4941-9241-8D9E20D55F1B}
		{69414280-1A28-4916-B4AA-256D3A480EAD} = {303B6670-69C6-4941-9241-8D9E20D55F1B}
		{68C278B0-B3AA-43D1-ABBA-17486F627724} = {261D7F57-9BE2-4D95-8180-80251166537E}
		{8852A3A4-1C58-4404-9F45-CFECF042C04C} = {261D7F57-9BE2-4D95-8180-80251166537E}
		{1CE1016F-0DCB-449C-A298-D5913378081E} = {59D0B5D5-3ACF-443A-9A09-CA85737A0C4B}
		{3385931C-8124-4B73-B7CE-A95C66C97BA1} = {59D0B5D5-3ACF-443A-9A09-CA85737A0C4B}
		{8371AD6F-B8F0-4352-A532-B225C61DC216} = {59D0B5D5-3ACF-443A-9A09-CA85737A0C4B}
		{7770A4F3-29CC-4766-8EFD-D1AF064711B8} = {59D0B5D5-3ACF-443A-9A09-CA85737A0C4B}
		{38E53710-D833-491B-B386-5340AF778FFA} = {3B710B0C-898E-4984-8BFC-486096E958B5}
		{D01549CF-FAA5-4BDC-9369-3A0E5B890F2F} = {3B710B0C-898E-4984-8BFC-486096E958B5}
		{05ADA1A5-6A3D-422A-AB9E-CAC7EBBDF8EA} = {733692AC-E2EF-4498-824F-DC044839CE0B}
		{F51BF831-541E-4D4D-9695-1F62C7704D65} = {733692AC-E2EF-4498-824F-DC044839CE0B}
		{961CEEAD-13AF-4714-B109-57EF8B2D5AEB} = {733692AC-E2EF-4498-824F-DC044839CE0B}
		{487729F0-9AB8-48A6-83F7-0FA204BD8DCB} = {733692AC-E2EF-4498-824F-DC044839CE0B}
		{2BFACDC3-F44D-4199-8498-F5C3C4AC0335} = {32D2BEA0-6E60-4265-AF86-11AEBE3B1BDD}
		{E461C0A8-8900-485C-B520-E929BA33F712} = {32D2BEA0-6E60-4265-AF86-11AEBE3B1BDD}
		{2ED09FEF-CA75-4E6F-8C80-F4EFBB7AE165} = {39A594AE-AA5A-447A-8530-FAEE2A5AACBD}
		{2E96086E-453E-45DE-B0DF-F6BBA82873C7} = {39A594AE-AA5A-447A-8530-FAEE2A5AACBD}
		{5AA3167B-74F4-412D-9F63-4BDA6E58F900} = {39A594AE-AA5A-447A-8530-FAEE2A5AACBD}
		{0674B70E-B69E-4F68-9559-6E3FD3C45D7B} = {321F4554-E0F8-4780-B4AC-19BA20B7D282}
		{5DE9F7E3-85CD-41BD-BA95-50419D65B59A} = {321F4554-E0F8-4780-B4AC-19BA20B7D282}
		{B201BB15-9420-46B7-AC7F-3CE62CB133D9} = {321F4554-E0F8-4780-B4AC-19BA20B7D282}
		{544B1A3F-546D-4D93-84E6-227FCF4F725B} = {321F4554-E0F8-4780-B4AC-19BA20B7D282}
		{C3A13238-53D2-48C7-BFC2-8FA4555DB821} = {5C76AC9B-AB55-4689-988F-027D39C831F1}
		{889DB3BC-ECDE-4DBD-A615-D19684922B17} = {87EFDA26-F35C-4DBC-9374-D4C935D25230}
		{53624555-98C9-4182-9714-7E23C9A47681} = {CFBC05E2-567D-4AAC-84F7-807B8930B477}
		{6BD4FE9B-5E21-4ADD-A82F-67650731BCD4} = {CFBC05E2-567D-4AAC-84F7-807B8930B477}
		{6728B475-D450-41FB-AF20-AA81DC14A5C4} = {6BD4FE9B-5E21-4ADD-A82F-67650731BCD4}
		{13F10770-B68F-42DC-8F5E-84A3096A56AF} = {6BD4FE9B-5E21-4ADD-A82F-67650731BCD4}
		{D6ACB9A5-D03E-4091-B5FC-622EF69C2499} = {CFBC05E2-567D-4AAC-84F7-807B8930B477}
		{CB2A40DC-CCFA-4519-A8C7-130A1D4D7D8A} = {CFBC05E2-567D-4AAC-84F7-807B8930B477}
		{5A0B5B29-1E5D-437B-8E67-DED8B5E7A467} = {CB2A40DC-CCFA-4519-A8C7-130A1D4D7D8A}
		{C99D2B97-E59B-40C9-A078-6786066CE00E} = {03A2A6FA-5D59-4717-BF2A-C4DD9C216837}
		{97A07872-28BF-4698-8CE8-9E69C80B9ADE} = {03A2A6FA-5D59-4717-BF2A-C4DD9C216837}
		{39E331EF-6CAF-44A1-9478-1CB21088A0CD} = {F873EB20-53B5-4A1A-8161-3BBEA6571682}
		{EEBECA2F-CE3A-44E6-9779-54685054821A} = {61F55ABF-6182-4CB3-8014-A8B60887EC68}
		{820CFBAC-1FC8-4FDC-AAEC-AAFE4E33B97A} = {61F55ABF-6182-4CB3-8014-A8B60887EC68}
	EndGlobalSection
	GlobalSection(ExtensibilityGlobals) = postSolution
		SolutionGuid = {9579D8FF-E6C3-4B1C-94EF-BF806BAD3DE8}
	EndGlobalSection
EndGlobal
